
Microsoft Visual Studio Solution File, Format Version 12.00
# Visual Studio Version 16
VisualStudioVersion = 16.0.32228.343
MinimumVisualStudioVersion = 10.0.40219.1
Project("{FAE04EC0-301F-11D3-BF4B-00C04F79EFBC}") = "UmbracoWebApp", "UmbracoWebApp\UmbracoWebApp.csproj", "{2E6A86C8-DA39-4B5D-9A44-58A351E85EEB}"
EndProject
Global
	GlobalSection(SolutionConfigurationPlatforms) = preSolution
		Debug|Any CPU = Debug|Any CPU
		Release|Any CPU = Release|Any CPU
	EndGlobalSection
	GlobalSection(ProjectConfigurationPlatforms) = postSolution
		{2E6A86C8-DA39-4B5D-9A44-58A351E85EEB}.Debug|Any CPU.ActiveCfg = Debug|Any CPU
		{2E6A86C8-DA39-4B5D-9A44-58A351E85EEB}.Debug|Any CPU.Build.0 = Debug|Any CPU
		{2E6A86C8-DA39-4B5D-9A44-58A351E85EEB}.Release|Any CPU.ActiveCfg = Release|Any CPU
		{2E6A86C8-DA39-4B5D-9A44-58A351E85EEB}.Release|Any CPU.Build.0 = Release|Any CPU
	EndGlobalSection
	GlobalSection(SolutionProperties) = preSolution
		HideSolutionNode = FALSE
	EndGlobalSection
	GlobalSection(ExtensibilityGlobals) = postSolution
		SolutionGuid = {9E93269D-F48B-4E87-B299-D4E640522176}
	EndGlobalSection
EndGlobal
